
Microsoft Visual Studio Solution File, Format Version 12.00
# Visual Studio Version 17
VisualStudioVersion = 17.1.32228.430
MinimumVisualStudioVersion = 10.0.40219.1
Project("{FAE04EC0-301F-11D3-BF4B-00C04F79EFBC}") = "mes_log_ping_prod_pc", "mes_log_ping_prod_pc\mes_log_ping_prod_pc.csproj", "{1943055F-E2BA-4962-B855-872DFCFA8357}"
EndProject
Global
	GlobalSection(SolutionConfigurationPlatforms) = preSolution
		Debug|Any CPU = Debug|Any CPU
		Release|Any CPU = Release|Any CPU
	EndGlobalSection
	GlobalSection(ProjectConfigurationPlatforms) = postSolution
		{1943055F-E2BA-4962-B855-872DFCFA8357}.Debug|Any CPU.ActiveCfg = Debug|Any CPU
		{1943055F-E2BA-4962-B855-872DFCFA8357}.Debug|Any CPU.Build.0 = Debug|Any CPU
		{1943055F-E2BA-4962-B855-872DFCFA8357}.Release|Any CPU.ActiveCfg = Release|Any CPU
		{1943055F-E2BA-4962-B855-872DFCFA8357}.Release|Any CPU.Build.0 = Release|Any CPU
	EndGlobalSection
	GlobalSection(SolutionProperties) = preSolution
		HideSolutionNode = FALSE
	EndGlobalSection
	GlobalSection(ExtensibilityGlobals) = postSolution
		SolutionGuid = {0F953CD2-CEEB-481E-88C4-821883007481}
	EndGlobalSection
EndGlobal
